
Microsoft Visual Studio Solution File, Format Version 12.00
# Visual Studio Version 16
VisualStudioVersion = 16.0.31105.61
MinimumVisualStudioVersion = 10.0.40219.1
Project("{FAE04EC0-301F-11D3-BF4B-00C04F79EFBC}") = "Grey_Code", "Grey_Code\Grey_Code.csproj", "{A7397D63-8EC0-4CA2-881B-667CA7F28A9D}"
EndProject
Global
	GlobalSection(SolutionConfigurationPlatforms) = preSolution
		Debug|Any CPU = Debug|Any CPU
		Release|Any CPU = Release|Any CPU
	EndGlobalSection
	GlobalSection(ProjectConfigurationPlatforms) = postSolution
		{A7397D63-8EC0-4CA2-881B-667CA7F28A9D}.Debug|Any CPU.ActiveCfg = Debug|Any CPU
		{A7397D63-8EC0-4CA2-881B-667CA7F28A9D}.Debug|Any CPU.Build.0 = Debug|Any CPU
		{A7397D63-8EC0-4CA2-881B-667CA7F28A9D}.Release|Any CPU.ActiveCfg = Release|Any CPU
		{A7397D63-8EC0-4CA2-881B-667CA7F28A9D}.Release|Any CPU.Build.0 = Release|Any CPU
	EndGlobalSection
	GlobalSection(SolutionProperties) = preSolution
		HideSolutionNode = FALSE
	EndGlobalSection
	GlobalSection(ExtensibilityGlobals) = postSolution
		SolutionGuid = {508E2FBB-3AB9-4A45-AB7D-57FA538B2769}
	EndGlobalSection
EndGlobal
